# Generated by buf. DO NOT EDIT.
version: v2
deps:
  - name: buf.build/agynio/api
    commit: 004394cbfdfd4e8c91ba012c8aef3dd7
    digest: b5:7cc55b02b3bab621cf2449d8aa80e319eaefd67e395ece340db18481c1695e2b87c45ef31df3c022dbf6aefbc276cda5f466c1995550ff6013244344d1e9133d
  - name: buf.build/opentelemetry/opentelemetry
    commit: 5f2c7d4f740541589805e0816dad4bb0
    digest: b5:935626c896cfe0f5efda467869c65df49843190c1d16ad24957d62ae840aef5f5da2474ec5c766e730b2727c6a24b39b5a2a073da70cf3f2611ce7d3934def86
