# Generated by buf. DO NOT EDIT.
version: v2
deps:
  - name: buf.build/agynio/api
    commit: d155a8f9edf942e2a8822e6610272e2f
    digest: b5:5d21a024a843830d4dae8809d8c33eb1e000cc7020ca02c48b7103f62b80878e35c7f1727179b2bf817d274a9af82002b8d57f13c775653366db60d4a285d8ce
  - name: buf.build/opentelemetry/opentelemetry
    commit: 5f2c7d4f740541589805e0816dad4bb0
    digest: b5:935626c896cfe0f5efda467869c65df49843190c1d16ad24957d62ae840aef5f5da2474ec5c766e730b2727c6a24b39b5a2a073da70cf3f2611ce7d3934def86
