# Generated by buf. DO NOT EDIT.
version: v2
deps:
  - name: buf.build/agynio/api
    commit: 66f5dc721f784a60a9e325846efd78f2
    digest: b5:4f0c3ec226a9e6608384faf6f98c0706d5049b113f9e2288f171361b1dee1234382f8110dd471c58a8be8b5e8183dae7f75c2fdfe6c5a692541d9645fef5d816
  - name: buf.build/opentelemetry/opentelemetry
    commit: 5f2c7d4f740541589805e0816dad4bb0
    digest: b5:935626c896cfe0f5efda467869c65df49843190c1d16ad24957d62ae840aef5f5da2474ec5c766e730b2727c6a24b39b5a2a073da70cf3f2611ce7d3934def86
